{
  "name": "objy-monitor",
  "version": "0.0.1",
  "lockfileVersion": 1,
  "requires": true,
  "dependencies": {
    "@angular/animations": {
      "version": "9.0.2",
      "resolved": "http://artifactory.objy.com:8081/artifactory/api/npm/npm/@angular/animations/-/animations-9.0.2.tgz",
      "integrity": "sha1-8gpck703oeKGcixYNhu46awa8Pc="
    },
    "@angular/cdk": {
      "version": "9.0.1",
      "resolved": "http://artifactory.objy.com:8081/artifactory/api/npm/npm/@angular/cdk/-/cdk-9.0.1.tgz",
      "integrity": "sha1-NYA3XOC0qp3b1up5CrJBqNtzsVY=",
      "requires": {
        "parse5": "^5.0.0"
      }
    },
    "@angular/material": {
      "version": "9.0.1",
      "resolved": "http://artifactory.objy.com:8081/artifactory/api/npm/npm/@angular/material/-/material-9.0.1.tgz",
      "integrity": "sha1-dSqUJMlG6o0txneBCpizssa/xEg="
    },
    "parse5": {
      "version": "5.1.1",
      "resolved": "http://artifactory.objy.com:8081/artifactory/api/npm/npm/parse5/-/parse5-5.1.1.tgz",
      "integrity": "sha1-9o5OW6GFKsLK3AD0VV//bCq7YXg=",
      "optional": true
    }
  }
}
